# This file was autogenerated by Stack.
# You should not edit this file by hand.
# For more information, please see the documentation at:
#   https://docs.haskellstack.org/en/stable/lock_files

packages:
- completed:
    hackage: Chart-1.9@sha256:f41568b6b3704f66c2ec163295b430ab7d798f91de426c2d5aba747d1135cd9b,2855
    pantry-tree:
      size: 3031
      sha256: aaf8b3f35af0012324865cb24c7989dfc794e8dab3eb2152e949cf5243a451ca
  original:
    hackage: Chart-1.9@sha256:f41568b6b3704f66c2ec163295b430ab7d798f91de426c2d5aba747d1135cd9b
- completed:
    hackage: Chart-cairo-1.9@sha256:82875639be230c9406dbea650647b2dc94b11060160d6dad2c98551bb23d544f,877
    pantry-tree:
      size: 238
      sha256: 3eef9a2fdb682a95f5a60e66258d5b6036e9b8c19a7260f626ddda2d30113055
  original:
    hackage: Chart-cairo-1.9@sha256:82875639be230c9406dbea650647b2dc94b11060160d6dad2c98551bb23d544f
- completed:
    hackage: megaparsec-7.0.4@sha256:890d317e75151a48567900cdbe39d3c44e83918d79a39ce97b9245cab5402d5e,6222
    pantry-tree:
      size: 2647
      sha256: 550e6fd35a8fde17f7fa005e823ee7a23b5415e73c8d5058825832d256ab5609
  original:
    hackage: megaparsec-7.0.4
snapshots:
- completed:
    size: 506080
    url: https://raw.githubusercontent.com/commercialhaskell/stackage-snapshots/master/lts/12/16.yaml
    sha256: 8fb23cad3d4913303229b0ac8eee0b1f244b473dd0406ab3542a914ad9153e8b
  original: lts-12.16
